
Microsoft Visual Studio Solution File, Format Version 12.00
# Visual Studio Version 17
VisualStudioVersion = 17.5.002.0
MinimumVisualStudioVersion = 10.0.40219.1
Project("{9A19103F-16F7-4668-BE54-9A1E7A4F7556}") = "ZIPCodePH.Api", "ZIPCodePH.Api.csproj", "{75D224AA-7DC8-4E08-B63D-8B07CC597AB7}"
EndProject
Global
	GlobalSection(SolutionConfigurationPlatforms) = preSolution
		Debug|Any CPU = Debug|Any CPU
		Release|Any CPU = Release|Any CPU
	EndGlobalSection
	GlobalSection(ProjectConfigurationPlatforms) = postSolution
		{75D224AA-7DC8-4E08-B63D-8B07CC597AB7}.Debug|Any CPU.ActiveCfg = Debug|Any CPU
		{75D224AA-7DC8-4E08-B63D-8B07CC597AB7}.Debug|Any CPU.Build.0 = Debug|Any CPU
		{75D224AA-7DC8-4E08-B63D-8B07CC597AB7}.Release|Any CPU.ActiveCfg = Release|Any CPU
		{75D224AA-7DC8-4E08-B63D-8B07CC597AB7}.Release|Any CPU.Build.0 = Release|Any CPU
	EndGlobalSection
	GlobalSection(SolutionProperties) = preSolution
		HideSolutionNode = FALSE
	EndGlobalSection
	GlobalSection(ExtensibilityGlobals) = postSolution
		SolutionGuid = {E86CF2A6-ACD4-4202-987B-D4201CE5E4F9}
	EndGlobalSection
EndGlobal
